{
  "version": 1,
  "dependencies": {
    "net9.0-windows7.0": {
      "DotNet.ReproducibleBuilds": {
        "type": "Direct",
        "requested": "[1.2.25, )",
        "resolved": "1.2.25",
        "contentHash": "xCXiw7BCxHJ8pF6wPepRUddlh2dlQlbr81gXA72hdk4FLHkKXas7EH/n+fk5UCA/YfMqG1Z6XaPiUjDbUNBUzg=="
      },
      "AEAssist.NET": {
        "type": "Transitive",
        "resolved": "1.1.13",
        "contentHash": "T79YK0URSC9pybnYIiU6+HaSkIGN+Nyj+CEUsPTA9qGSAF3Vx0h1hYflvSLpzQQQJUlwbeH34+tksxUXAWkFnA=="
      },
      "elliotz": {
        "type": "Project",
        "dependencies": {
          "AEAssist.NET": "[*, )"
        }
      }
    }
  }
}