{
  "version": 1,
  "dependencies": {
    "net9.0-windows7.0": {
      "DotNet.ReproducibleBuilds": {
        "type": "Direct",
        "requested": "[1.2.25, )",
        "resolved": "1.2.25",
        "contentHash": "xCXiw7BCxHJ8pF6wPepRUddlh2dlQlbr81gXA72hdk4FLHkKXas7EH/n+fk5UCA/YfMqG1Z6XaPiUjDbUNBUzg=="
      },
      "AEAssist.NET": {
        "type": "Transitive",
        "resolved": "1.1.6",
        "contentHash": "67HCN+QbOot6ejOUwuJTFbPHN9kFn7xOxhU0Ea/49R6OEk/HhIqh2yShndkqUWaG1Wbz4mcRIX6I2flTtJc3zQ=="
      },
      "elliotz": {
        "type": "Project",
        "dependencies": {
          "AEAssist.NET": "[1.1.6, )"
        }
      }
    }
  }
}